
Microsoft Visual Studio Solution File, Format Version 12.00
# Visual Studio Version 17
VisualStudioVersion = 17.4.33213.308
MinimumVisualStudioVersion = 10.0.40219.1
Project("{FAE04EC0-301F-11D3-BF4B-00C04F79EFBC}") = "MyConditionProject", "MyConditionProject.csproj", "{6A40A9AC-AFE3-41EE-B785-B4917C161F40}"
EndProject
Global
	GlobalSection(SolutionConfigurationPlatforms) = preSolution
		Debug|Any CPU = Debug|Any CPU
		Release|Any CPU = Release|Any CPU
	EndGlobalSection
	GlobalSection(ProjectConfigurationPlatforms) = postSolution
		{6A40A9AC-AFE3-41EE-B785-B4917C161F40}.Debug|Any CPU.ActiveCfg = Debug|Any CPU
		{6A40A9AC-AFE3-41EE-B785-B4917C161F40}.Debug|Any CPU.Build.0 = Debug|Any CPU
		{6A40A9AC-AFE3-41EE-B785-B4917C161F40}.Release|Any CPU.ActiveCfg = Release|Any CPU
		{6A40A9AC-AFE3-41EE-B785-B4917C161F40}.Release|Any CPU.Build.0 = Release|Any CPU
	EndGlobalSection
	GlobalSection(SolutionProperties) = preSolution
		HideSolutionNode = FALSE
	EndGlobalSection
	GlobalSection(ExtensibilityGlobals) = postSolution
		SolutionGuid = {A5E5666A-9FB7-4389-BD3B-9105B0B791B5}
	EndGlobalSection
EndGlobal
